// !$*UTF8*$!
{
	archiveVersion = 1;
	classes = {
	};
	objectVersion = 56;
	objects = {

/* Begin PBXBuildFile section */
		770B114829A86DAA00BA171D /* AppDelegate.swift in Sources */ = {isa = PBXBuildFile; fileRef = 770B114729A86DAA00BA171D /* AppDelegate.swift */; };
		770B114A29A86DAA00BA171D /* SceneDelegate.swift in Sources */ = {isa = PBXBuildFile; fileRef = 770B114929A86DAA00BA171D /* SceneDelegate.swift */; };
		770B114C29A86DAA00BA171D /* ViewController.swift in Sources */ = {isa = PBXBuildFile; fileRef = 770B114B29A86DAA00BA171D /* ViewController.swift */; };
		770B114F29A86DAA00BA171D /* Main.storyboard in Resources */ = {isa = PBXBuildFile; fileRef = 770B114D29A86DAA00BA171D /* Main.storyboard */; };
		770B115129A86DAB00BA171D /* Assets.xcassets in Resources */ = {isa = PBXBuildFile; fileRef = 770B115029A86DAB00BA171D /* Assets.xcassets */; };
		770B115429A86DAB00BA171D /* LaunchScreen.storyboard in Resources */ = {isa = PBXBuildFile; fileRef = 770B115229A86DAB00BA171D /* LaunchScreen.storyboard */; };
		770B115F29A86DAB00BA171D /* testAnim1Tests.swift in Sources */ = {isa = PBXBuildFile; fileRef = 770B115E29A86DAB00BA171D /* testAnim1Tests.swift */; };
		770B116929A86DAB00BA171D /* testAnim1UITests.swift in Sources */ = {isa = PBXBuildFile; fileRef = 770B116829A86DAB00BA171D /* testAnim1UITests.swift */; };
		770B116B29A86DAB00BA171D /* testAnim1UITestsLaunchTests.swift in Sources */ = {isa = PBXBuildFile; fileRef = 770B116A29A86DAB00BA171D /* testAnim1UITestsLaunchTests.swift */; };
		77D27BCA29ACCDF000851486 /* UIImageExtension.swift in Sources */ = {isa = PBXBuildFile; fileRef = 77D27BC929ACCDF000851486 /* UIImageExtension.swift */; };
		77D27BCC29ACCE1E00851486 /* AnimViewController.swift in Sources */ = {isa = PBXBuildFile; fileRef = 77D27BCB29ACCE1E00851486 /* AnimViewController.swift */; };
		77D27BCE29ACCE7D00851486 /* iOSDevCenters+GIF.swift in Sources */ = {isa = PBXBuildFile; fileRef = 77D27BCD29ACCE7D00851486 /* iOSDevCenters+GIF.swift */; };
		77D27BD129ACCF2100851486 /* play.gif in Resources */ = {isa = PBXBuildFile; fileRef = 77D27BCF29ACCF2100851486 /* play.gif */; };
		77D27BD229ACCF2100851486 /* funny.gif in Resources */ = {isa = PBXBuildFile; fileRef = 77D27BD029ACCF2100851486 /* funny.gif */; };
/* End PBXBuildFile section */

/* Begin PBXContainerItemProxy section */
		770B115B29A86DAB00BA171D /* PBXContainerItemProxy */ = {
			isa = PBXContainerItemProxy;
			containerPortal = 770B113C29A86DAA00BA171D /* Project object */;
			proxyType = 1;
			remoteGlobalIDString = 770B114329A86DAA00BA171D;
			remoteInfo = testAnim1;
		};
		770B116529A86DAB00BA171D /* PBXContainerItemProxy */ = {
			isa = PBXContainerItemProxy;
			containerPortal = 770B113C29A86DAA00BA171D /* Project object */;
			proxyType = 1;
			remoteGlobalIDString = 770B114329A86DAA00BA171D;
			remoteInfo = testAnim1;
		};
/* End PBXContainerItemProxy section */

/* Begin PBXFileReference section */
		770B114429A86DAA00BA171D /* testAnim1.app */ = {isa = PBXFileReference; explicitFileType = wrapper.application; includeInIndex = 0; path = testAnim1.app; sourceTree = BUILT_PRODUCTS_DIR; };
		770B114729A86DAA00BA171D /* AppDelegate.swift */ = {isa = PBXFileReference; lastKnownFileType = sourcecode.swift; path = AppDelegate.swift; sourceTree = "<group>"; };
		770B114929A86DAA00BA171D /* SceneDelegate.swift */ = {isa = PBXFileReference; lastKnownFileType = sourcecode.swift; path = SceneDelegate.swift; sourceTree = "<group>"; };
		770B114B29A86DAA00BA171D /* ViewController.swift */ = {isa = PBXFileReference; lastKnownFileType = sourcecode.swift; path = ViewController.swift; sourceTree = "<group>"; };
		770B114E29A86DAA00BA171D /* Base */ = {isa = PBXFileReference; lastKnownFileType = file.storyboard; name = Base; path = Base.lproj/Main.storyboard; sourceTree = "<group>"; };
		770B115029A86DAB00BA171D /* Assets.xcassets */ = {isa = PBXFileReference; lastKnownFileType = folder.assetcatalog; path = Assets.xcassets; sourceTree = "<group>"; };
		770B115329A86DAB00BA171D /* Base */ = {isa = PBXFileReference; lastKnownFileType = file.storyboard; name = Base; path = Base.lproj/LaunchScreen.storyboard; sourceTree = "<group>"; };
		770B115529A86DAB00BA171D /* Info.plist */ = {isa = PBXFileReference; lastKnownFileType = text.plist.xml; path = Info.plist; sourceTree = "<group>"; };
		770B115A29A86DAB00BA171D /* testAnim1Tests.xctest */ = {isa = PBXFileReference; explicitFileType = wrapper.cfbundle; includeInIndex = 0; path = testAnim1Tests.xctest; sourceTree = BUILT_PRODUCTS_DIR; };
		770B115E29A86DAB00BA171D /* testAnim1Tests.swift */ = {isa = PBXFileReference; lastKnownFileType = sourcecode.swift; path = testAnim1Tests.swift; sourceTree = "<group>"; };
		770B116429A86DAB00BA171D /* testAnim1UITests.xctest */ = {isa = PBXFileReference; explicitFileType = wrapper.cfbundle; includeInIndex = 0; path = testAnim1UITests.xctest; sourceTree = BUILT_PRODUCTS_DIR; };
		770B116829A86DAB00BA171D /* testAnim1UITests.swift */ = {isa = PBXFileReference; lastKnownFileType = sourcecode.swift; path = testAnim1UITests.swift; sourceTree = "<group>"; };
		770B116A29A86DAB00BA171D /* testAnim1UITestsLaunchTests.swift */ = {isa = PBXFileReference; lastKnownFileType = sourcecode.swift; path = testAnim1UITestsLaunchTests.swift; sourceTree = "<group>"; };
		77D27BC929ACCDF000851486 /* UIImageExtension.swift */ = {isa = PBXFileReference; lastKnownFileType = sourcecode.swift; path = UIImageExtension.swift; sourceTree = "<group>"; };
		77D27BCB29ACCE1E00851486 /* AnimViewController.swift */ = {isa = PBXFileReference; lastKnownFileType = sourcecode.swift; path = AnimViewController.swift; sourceTree = "<group>"; };
		77D27BCD29ACCE7D00851486 /* iOSDevCenters+GIF.swift */ = {isa = PBXFileReference; fileEncoding = 4; lastKnownFileType = sourcecode.swift; path = "iOSDevCenters+GIF.swift"; sourceTree = "<group>"; };
		77D27BCF29ACCF2100851486 /* play.gif */ = {isa = PBXFileReference; lastKnownFileType = image.gif; path = play.gif; sourceTree = "<group>"; };
		77D27BD029ACCF2100851486 /* funny.gif */ = {isa = PBXFileReference; lastKnownFileType = image.gif; path = funny.gif; sourceTree = "<group>"; };
/* End PBXFileReference section */

/* Begin PBXFrameworksBuildPhase section */
		770B114129A86DAA00BA171D /* Frameworks */ = {
			isa = PBXFrameworksBuildPhase;
			buildActionMask = 2147483647;
			files = (
			);
			runOnlyForDeploymentPostprocessing = 0;
		};
		770B115729A86DAB00BA171D /* Frameworks */ = {
			isa = PBXFrameworksBuildPhase;
			buildActionMask = 2147483647;
			files = (
			);
			runOnlyForDeploymentPostprocessing = 0;
		};
		770B116129A86DAB00BA171D /* Frameworks */ = {
			isa = PBXFrameworksBuildPhase;
			buildActionMask = 2147483647;
			files = (
			);
			runOnlyForDeploymentPostprocessing = 0;
		};
/* End PBXFrameworksBuildPhase section */

/* Begin PBXGroup section */
		770B113B29A86DAA00BA171D = {
			isa = PBXGroup;
			children = (
				770B114629A86DAA00BA171D /* testAnim1 */,
				770B115D29A86DAB00BA171D /* testAnim1Tests */,
				770B116729A86DAB00BA171D /* testAnim1UITests */,
				770B114529A86DAA00BA171D /* Products */,
			);
			sourceTree = "<group>";
		};
		770B114529A86DAA00BA171D /* Products */ = {
			isa = PBXGroup;
			children = (
				770B114429A86DAA00BA171D /* testAnim1.app */,
				770B115A29A86DAB00BA171D /* testAnim1Tests.xctest */,
				770B116429A86DAB00BA171D /* testAnim1UITests.xctest */,
			);
			name = Products;
			sourceTree = "<group>";
		};
		770B114629A86DAA00BA171D /* testAnim1 */ = {
			isa = PBXGroup;
			children = (
				770B114729A86DAA00BA171D /* AppDelegate.swift */,
				770B114929A86DAA00BA171D /* SceneDelegate.swift */,
				770B114B29A86DAA00BA171D /* ViewController.swift */,
				77D27BCB29ACCE1E00851486 /* AnimViewController.swift */,
				77D27BCD29ACCE7D00851486 /* iOSDevCenters+GIF.swift */,
				77D27BD029ACCF2100851486 /* funny.gif */,
				77D27BCF29ACCF2100851486 /* play.gif */,
				770B114D29A86DAA00BA171D /* Main.storyboard */,
				770B115029A86DAB00BA171D /* Assets.xcassets */,
				770B115229A86DAB00BA171D /* LaunchScreen.storyboard */,
				770B115529A86DAB00BA171D /* Info.plist */,
				77D27BC929ACCDF000851486 /* UIImageExtension.swift */,
			);
			path = testAnim1;
			sourceTree = "<group>";
		};
		770B115D29A86DAB00BA171D /* testAnim1Tests */ = {
			isa = PBXGroup;
			children = (
				770B115E29A86DAB00BA171D /* testAnim1Tests.swift */,
			);
			path = testAnim1Tests;
			sourceTree = "<group>";
		};
		770B116729A86DAB00BA171D /* testAnim1UITests */ = {
			isa = PBXGroup;
			children = (
				770B116829A86DAB00BA171D /* testAnim1UITests.swift */,
				770B116A29A86DAB00BA171D /* testAnim1UITestsLaunchTests.swift */,
			);
			path = testAnim1UITests;
			sourceTree = "<group>";
		};
/* End PBXGroup section */

/* Begin PBXNativeTarget section */
		770B114329A86DAA00BA171D /* testAnim1 */ = {
			isa = PBXNativeTarget;
			buildConfigurationList = 770B116E29A86DAB00BA171D /* Build configuration list for PBXNativeTarget "testAnim1" */;
			buildPhases = (
				770B114029A86DAA00BA171D /* Sources */,
				770B114129A86DAA00BA171D /* Frameworks */,
				770B114229A86DAA00BA171D /* Resources */,
			);
			buildRules = (
			);
			dependencies = (
			);
			name = testAnim1;
			productName = testAnim1;
			productReference = 770B114429A86DAA00BA171D /* testAnim1.app */;
			productType = "com.apple.product-type.application";
		};
		770B115929A86DAB00BA171D /* testAnim1Tests */ = {
			isa = PBXNativeTarget;
			buildConfigurationList = 770B117129A86DAB00BA171D /* Build configuration list for PBXNativeTarget "testAnim1Tests" */;
			buildPhases = (
				770B115629A86DAB00BA171D /* Sources */,
				770B115729A86DAB00BA171D /* Frameworks */,
				770B115829A86DAB00BA171D /* Resources */,
			);
			buildRules = (
			);
			dependencies = (
				770B115C29A86DAB00BA171D /* PBXTargetDependency */,
			);
			name = testAnim1Tests;
			productName = testAnim1Tests;
			productReference = 770B115A29A86DAB00BA171D /* testAnim1Tests.xctest */;
			productType = "com.apple.product-type.bundle.unit-test";
		};
		770B116329A86DAB00BA171D /* testAnim1UITests */ = {
			isa = PBXNativeTarget;
			buildConfigurationList = 770B117429A86DAB00BA171D /* Build configuration list for PBXNativeTarget "testAnim1UITests" */;
			buildPhases = (
				770B116029A86DAB00BA171D /* Sources */,
				770B116129A86DAB00BA171D /* Frameworks */,
				770B116229A86DAB00BA171D /* Resources */,
			);
			buildRules = (
			);
			dependencies = (
				770B116629A86DAB00BA171D /* PBXTargetDependency */,
			);
			name = testAnim1UITests;
			productName = testAnim1UITests;
			productReference = 770B116429A86DAB00BA171D /* testAnim1UITests.xctest */;
			productType = "com.apple.product-type.bundle.ui-testing";
		};
/* End PBXNativeTarget section */

/* Begin PBXProject section */
		770B113C29A86DAA00BA171D /* Project object */ = {
			isa = PBXProject;
			attributes = {
				BuildIndependentTargetsInParallel = 1;
				LastSwiftUpdateCheck = 1420;
				LastUpgradeCheck = 1420;
				TargetAttributes = {
					770B114329A86DAA00BA171D = {
						CreatedOnToolsVersion = 14.2;
					};
					770B115929A86DAB00BA171D = {
						CreatedOnToolsVersion = 14.2;
						TestTargetID = 770B114329A86DAA00BA171D;
					};
					770B116329A86DAB00BA171D = {
						CreatedOnToolsVersion = 14.2;
						TestTargetID = 770B114329A86DAA00BA171D;
					};
				};
			};
			buildConfigurationList = 770B113F29A86DAA00BA171D /* Build configuration list for PBXProject "testAnim1" */;
			compatibilityVersion = "Xcode 14.0";
			developmentRegion = en;
			hasScannedForEncodings = 0;
			knownRegions = (
				en,
				Base,
			);
			mainGroup = 770B113B29A86DAA00BA171D;
			productRefGroup = 770B114529A86DAA00BA171D /* Products */;
			projectDirPath = "";
			projectRoot = "";
			targets = (
				770B114329A86DAA00BA171D /* testAnim1 */,
				770B115929A86DAB00BA171D /* testAnim1Tests */,
				770B116329A86DAB00BA171D /* testAnim1UITests */,
			);
		};
/* End PBXProject section */

/* Begin PBXResourcesBuildPhase section */
		770B114229A86DAA00BA171D /* Resources */ = {
			isa = PBXResourcesBuildPhase;
			buildActionMask = 2147483647;
			files = (
				770B115429A86DAB00BA171D /* LaunchScreen.storyboard in Resources */,
				770B115129A86DAB00BA171D /* Assets.xcassets in Resources */,
				77D27BD229ACCF2100851486 /* funny.gif in Resources */,
				77D27BD129ACCF2100851486 /* play.gif in Resources */,
				770B114F29A86DAA00BA171D /* Main.storyboard in Resources */,
			);
			runOnlyForDeploymentPostprocessing = 0;
		};
		770B115829A86DAB00BA171D /* Resources */ = {
			isa = PBXResourcesBuildPhase;
			buildActionMask = 2147483647;
			files = (
			);
			runOnlyForDeploymentPostprocessing = 0;
		};
		770B116229A86DAB00BA171D /* Resources */ = {
			isa = PBXResourcesBuildPhase;
			buildActionMask = 2147483647;
			files = (
			);
			runOnlyForDeploymentPostprocessing = 0;
		};
/* End PBXResourcesBuildPhase section */

/* Begin PBXSourcesBuildPhase section */
		770B114029A86DAA00BA171D /* Sources */ = {
			isa = PBXSourcesBuildPhase;
			buildActionMask = 2147483647;
			files = (
				770B114C29A86DAA00BA171D /* ViewController.swift in Sources */,
				77D27BCE29ACCE7D00851486 /* iOSDevCenters+GIF.swift in Sources */,
				770B114829A86DAA00BA171D /* AppDelegate.swift in Sources */,
				77D27BCC29ACCE1E00851486 /* AnimViewController.swift in Sources */,
				770B114A29A86DAA00BA171D /* SceneDelegate.swift in Sources */,
				77D27BCA29ACCDF000851486 /* UIImageExtension.swift in Sources */,
			);
			runOnlyForDeploymentPostprocessing = 0;
		};
		770B115629A86DAB00BA171D /* Sources */ = {
			isa = PBXSourcesBuildPhase;
			buildActionMask = 2147483647;
			files = (
				770B115F29A86DAB00BA171D /* testAnim1Tests.swift in Sources */,
			);
			runOnlyForDeploymentPostprocessing = 0;
		};
		770B116029A86DAB00BA171D /* Sources */ = {
			isa = PBXSourcesBuildPhase;
			buildActionMask = 2147483647;
			files = (
				770B116929A86DAB00BA171D /* testAnim1UITests.swift in Sources */,
				770B116B29A86DAB00BA171D /* testAnim1UITestsLaunchTests.swift in Sources */,
			);
			runOnlyForDeploymentPostprocessing = 0;
		};
/* End PBXSourcesBuildPhase section */

/* Begin PBXTargetDependency section */
		770B115C29A86DAB00BA171D /* PBXTargetDependency */ = {
			isa = PBXTargetDependency;
			target = 770B114329A86DAA00BA171D /* testAnim1 */;
			targetProxy = 770B115B29A86DAB00BA171D /* PBXContainerItemProxy */;
		};
		770B116629A86DAB00BA171D /* PBXTargetDependency */ = {
			isa = PBXTargetDependency;
			target = 770B114329A86DAA00BA171D /* testAnim1 */;
			targetProxy = 770B116529A86DAB00BA171D /* PBXContainerItemProxy */;
		};
/* End PBXTargetDependency section */

/* Begin PBXVariantGroup section */
		770B114D29A86DAA00BA171D /* Main.storyboard */ = {
			isa = PBXVariantGroup;
			children = (
				770B114E29A86DAA00BA171D /* Base */,
			);
			name = Main.storyboard;
			sourceTree = "<group>";
		};
		770B115229A86DAB00BA171D /* LaunchScreen.storyboard */ = {
			isa = PBXVariantGroup;
			children = (
				770B115329A86DAB00BA171D /* Base */,
			);
			name = LaunchScreen.storyboard;
			sourceTree = "<group>";
		};
/* End PBXVariantGroup section */

/* Begin XCBuildConfiguration section */
		770B116C29A86DAB00BA171D /* Debug */ = {
			isa = XCBuildConfiguration;
			buildSettings = {
				ALWAYS_SEARCH_USER_PATHS = NO;
				CLANG_ANALYZER_NONNULL = YES;
				CLANG_ANALYZER_NUMBER_OBJECT_CONVERSION = YES_AGGRESSIVE;
				CLANG_CXX_LANGUAGE_STANDARD = "gnu++20";
				CLANG_ENABLE_MODULES = YES;
				CLANG_ENABLE_OBJC_ARC = YES;
				CLANG_ENABLE_OBJC_WEAK = YES;
				CLANG_WARN_BLOCK_CAPTURE_AUTORELEASING = YES;
				CLANG_WARN_BOOL_CONVERSION = YES;
				CLANG_WARN_COMMA = YES;
				CLANG_WARN_CONSTANT_CONVERSION = YES;
				CLANG_WARN_DEPRECATED_OBJC_IMPLEMENTATIONS = YES;
				CLANG_WARN_DIRECT_OBJC_ISA_USAGE = YES_ERROR;
				CLANG_WARN_DOCUMENTATION_COMMENTS = YES;
				CLANG_WARN_EMPTY_BODY = YES;
				CLANG_WARN_ENUM_CONVERSION = YES;
				CLANG_WARN_INFINITE_RECURSION = YES;
				CLANG_WARN_INT_CONVERSION = YES;
				CLANG_WARN_NON_LITERAL_NULL_CONVERSION = YES;
				CLANG_WARN_OBJC_IMPLICIT_RETAIN_SELF = YES;
				CLANG_WARN_OBJC_LITERAL_CONVERSION = YES;
				CLANG_WARN_OBJC_ROOT_CLASS = YES_ERROR;
				CLANG_WARN_QUOTED_INCLUDE_IN_FRAMEWORK_HEADER = YES;
				CLANG_WARN_RANGE_LOOP_ANALYSIS = YES;
				CLANG_WARN_STRICT_PROTOTYPES = YES;
				CLANG_WARN_SUSPICIOUS_MOVE = YES;
				CLANG_WARN_UNGUARDED_AVAILABILITY = YES_AGGRESSIVE;
				CLANG_WARN_UNREACHABLE_CODE = YES;
				CLANG_WARN__DUPLICATE_METHOD_MATCH = YES;
				COPY_PHASE_STRIP = NO;
				DEBUG_INFORMATION_FORMAT = dwarf;
				ENABLE_STRICT_OBJC_MSGSEND = YES;
				ENABLE_TESTABILITY = YES;
				GCC_C_LANGUAGE_STANDARD = gnu11;
				GCC_DYNAMIC_NO_PIC = NO;
				GCC_NO_COMMON_BLOCKS = YES;
				GCC_OPTIMIZATION_LEVEL = 0;
				GCC_PREPROCESSOR_DEFINITIONS = (
					"DEBUG=1",
					"$(inherited)",
				);
				GCC_WARN_64_TO_32_BIT_CONVERSION = YES;
				GCC_WARN_ABOUT_RETURN_TYPE = YES_ERROR;
				GCC_WARN_UNDECLARED_SELECTOR = YES;
				GCC_WARN_UNINITIALIZED_AUTOS = YES_AGGRESSIVE;
				GCC_WARN_UNUSED_FUNCTION = YES;
				GCC_WARN_UNUSED_VARIABLE = YES;
				IPHONEOS_DEPLOYMENT_TARGET = 16.2;
				MTL_ENABLE_DEBUG_INFO = INCLUDE_SOURCE;
				MTL_FAST_MATH = YES;
				ONLY_ACTIVE_ARCH = YES;
				SDKROOT = iphoneos;
				SWIFT_ACTIVE_COMPILATION_CONDITIONS = DEBUG;
				SWIFT_OPTIMIZATION_LEVEL = "-Onone";
			};
			name = Debug;
		};
		770B116D29A86DAB00BA171D /* Release */ = {
			isa = XCBuildConfiguration;
			buildSettings = {
				ALWAYS_SEARCH_USER_PATHS = NO;
				CLANG_ANALYZER_NONNULL = YES;
				CLANG_ANALYZER_NUMBER_OBJECT_CONVERSION = YES_AGGRESSIVE;
				CLANG_CXX_LANGUAGE_STANDARD = "gnu++20";
				CLANG_ENABLE_MODULES = YES;
				CLANG_ENABLE_OBJC_ARC = YES;
				CLANG_ENABLE_OBJC_WEAK = YES;
				CLANG_WARN_BLOCK_CAPTURE_AUTORELEASING = YES;
				CLANG_WARN_BOOL_CONVERSION = YES;
				CLANG_WARN_COMMA = YES;
				CLANG_WARN_CONSTANT_CONVERSION = YES;
				CLANG_WARN_DEPRECATED_OBJC_IMPLEMENTATIONS = YES;
				CLANG_WARN_DIRECT_OBJC_ISA_USAGE = YES_ERROR;
				CLANG_WARN_DOCUMENTATION_COMMENTS = YES;
				CLANG_WARN_EMPTY_BODY = YES;
				CLANG_WARN_ENUM_CONVERSION = YES;
				CLANG_WARN_INFINITE_RECURSION = YES;
				CLANG_WARN_INT_CONVERSION = YES;
				CLANG_WARN_NON_LITERAL_NULL_CONVERSION = YES;
				CLANG_WARN_OBJC_IMPLICIT_RETAIN_SELF = YES;
				CLANG_WARN_OBJC_LITERAL_CONVERSION = YES;
				CLANG_WARN_OBJC_ROOT_CLASS = YES_ERROR;
				CLANG_WARN_QUOTED_INCLUDE_IN_FRAMEWORK_HEADER = YES;
				CLANG_WARN_RANGE_LOOP_ANALYSIS = YES;
				CLANG_WARN_STRICT_PROTOTYPES = YES;
				CLANG_WARN_SUSPICIOUS_MOVE = YES;
				CLANG_WARN_UNGUARDED_AVAILABILITY = YES_AGGRESSIVE;
				CLANG_WARN_UNREACHABLE_CODE = YES;
				CLANG_WARN__DUPLICATE_METHOD_MATCH = YES;
				COPY_PHASE_STRIP = NO;
				DEBUG_INFORMATION_FORMAT = "dwarf-with-dsym";
				ENABLE_NS_ASSERTIONS = NO;
				ENABLE_STRICT_OBJC_MSGSEND = YES;
				GCC_C_LANGUAGE_STANDARD = gnu11;
				GCC_NO_COMMON_BLOCKS = YES;
				GCC_WARN_64_TO_32_BIT_CONVERSION = YES;
				GCC_WARN_ABOUT_RETURN_TYPE = YES_ERROR;
				GCC_WARN_UNDECLARED_SELECTOR = YES;
				GCC_WARN_UNINITIALIZED_AUTOS = YES_AGGRESSIVE;
				GCC_WARN_UNUSED_FUNCTION = YES;
				GCC_WARN_UNUSED_VARIABLE = YES;
				IPHONEOS_DEPLOYMENT_TARGET = 16.2;
				MTL_ENABLE_DEBUG_INFO = NO;
				MTL_FAST_MATH = YES;
				SDKROOT = iphoneos;
				SWIFT_COMPILATION_MODE = wholemodule;
				SWIFT_OPTIMIZATION_LEVEL = "-O";
				VALIDATE_PRODUCT = YES;
			};
			name = Release;
		};
		770B116F29A86DAB00BA171D /* Debug */ = {
			isa = XCBuildConfiguration;
			buildSettings = {
				ASSETCATALOG_COMPILER_APPICON_NAME = AppIcon;
				ASSETCATALOG_COMPILER_GLOBAL_ACCENT_COLOR_NAME = AccentColor;
				CODE_SIGN_STYLE = Automatic;
				CURRENT_PROJECT_VERSION = 1;
				GENERATE_INFOPLIST_FILE = YES;
				INFOPLIST_FILE = testAnim1/Info.plist;
				INFOPLIST_KEY_UIApplicationSupportsIndirectInputEvents = YES;
				INFOPLIST_KEY_UILaunchStoryboardName = LaunchScreen;
				INFOPLIST_KEY_UIMainStoryboardFile = Main;
				INFOPLIST_KEY_UISupportedInterfaceOrientations_iPad = "UIInterfaceOrientationPortrait UIInterfaceOrientationPortraitUpsideDown UIInterfaceOrientationLandscapeLeft UIInterfaceOrientationLandscapeRight";
				INFOPLIST_KEY_UISupportedInterfaceOrientations_iPhone = "UIInterfaceOrientationPortrait UIInterfaceOrientationLandscapeLeft UIInterfaceOrientationLandscapeRight";
				LD_RUNPATH_SEARCH_PATHS = (
					"$(inherited)",
					"@executable_path/Frameworks",
				);
				MARKETING_VERSION = 1.0;
				PRODUCT_BUNDLE_IDENTIFIER = com.test.animation.testAnim1;
				PRODUCT_NAME = "$(TARGET_NAME)";
				SWIFT_EMIT_LOC_STRINGS = YES;
				SWIFT_VERSION = 5.0;
				TARGETED_DEVICE_FAMILY = "1,2";
			};
			name = Debug;
		};
		770B117029A86DAB00BA171D /* Release */ = {
			isa = XCBuildConfiguration;
			buildSettings = {
				ASSETCATALOG_COMPILER_APPICON_NAME = AppIcon;
				ASSETCATALOG_COMPILER_GLOBAL_ACCENT_COLOR_NAME = AccentColor;
				CODE_SIGN_STYLE = Automatic;
				CURRENT_PROJECT_VERSION = 1;
				GENERATE_INFOPLIST_FILE = YES;
				INFOPLIST_FILE = testAnim1/Info.plist;
				INFOPLIST_KEY_UIApplicationSupportsIndirectInputEvents = YES;
				INFOPLIST_KEY_UILaunchStoryboardName = LaunchScreen;
				INFOPLIST_KEY_UIMainStoryboardFile = Main;
				INFOPLIST_KEY_UISupportedInterfaceOrientations_iPad = "UIInterfaceOrientationPortrait UIInterfaceOrientationPortraitUpsideDown UIInterfaceOrientationLandscapeLeft UIInterfaceOrientationLandscapeRight";
				INFOPLIST_KEY_UISupportedInterfaceOrientations_iPhone = "UIInterfaceOrientationPortrait UIInterfaceOrientationLandscapeLeft UIInterfaceOrientationLandscapeRight";
				LD_RUNPATH_SEARCH_PATHS = (
					"$(inherited)",
					"@executable_path/Frameworks",
				);
				MARKETING_VERSION = 1.0;
				PRODUCT_BUNDLE_IDENTIFIER = com.test.animation.testAnim1;
				PRODUCT_NAME = "$(TARGET_NAME)";
				SWIFT_EMIT_LOC_STRINGS = YES;
				SWIFT_VERSION = 5.0;
				TARGETED_DEVICE_FAMILY = "1,2";
			};
			name = Release;
		};
		770B117229A86DAB00BA171D /* Debug */ = {
			isa = XCBuildConfiguration;
			buildSettings = {
				ALWAYS_EMBED_SWIFT_STANDARD_LIBRARIES = YES;
				BUNDLE_LOADER = "$(TEST_HOST)";
				CODE_SIGN_STYLE = Automatic;
				CURRENT_PROJECT_VERSION = 1;
				GENERATE_INFOPLIST_FILE = YES;
				IPHONEOS_DEPLOYMENT_TARGET = 16.2;
				MARKETING_VERSION = 1.0;
				PRODUCT_BUNDLE_IDENTIFIER = com.test.animation.testAnim1Tests;
				PRODUCT_NAME = "$(TARGET_NAME)";
				SWIFT_EMIT_LOC_STRINGS = NO;
				SWIFT_VERSION = 5.0;
				TARGETED_DEVICE_FAMILY = "1,2";
				TEST_HOST = "$(BUILT_PRODUCTS_DIR)/testAnim1.app/$(BUNDLE_EXECUTABLE_FOLDER_PATH)/testAnim1";
			};
			name = Debug;
		};
		770B117329A86DAB00BA171D /* Release */ = {
			isa = XCBuildConfiguration;
			buildSettings = {
				ALWAYS_EMBED_SWIFT_STANDARD_LIBRARIES = YES;
				BUNDLE_LOADER = "$(TEST_HOST)";
				CODE_SIGN_STYLE = Automatic;
				CURRENT_PROJECT_VERSION = 1;
				GENERATE_INFOPLIST_FILE = YES;
				IPHONEOS_DEPLOYMENT_TARGET = 16.2;
				MARKETING_VERSION = 1.0;
				PRODUCT_BUNDLE_IDENTIFIER = com.test.animation.testAnim1Tests;
				PRODUCT_NAME = "$(TARGET_NAME)";
				SWIFT_EMIT_LOC_STRINGS = NO;
				SWIFT_VERSION = 5.0;
				TARGETED_DEVICE_FAMILY = "1,2";
				TEST_HOST = "$(BUILT_PRODUCTS_DIR)/testAnim1.app/$(BUNDLE_EXECUTABLE_FOLDER_PATH)/testAnim1";
			};
			name = Release;
		};
		770B117529A86DAB00BA171D /* Debug */ = {
			isa = XCBuildConfiguration;
			buildSettings = {
				ALWAYS_EMBED_SWIFT_STANDARD_LIBRARIES = YES;
				CODE_SIGN_STYLE = Automatic;
				CURRENT_PROJECT_VERSION = 1;
				GENERATE_INFOPLIST_FILE = YES;
				MARKETING_VERSION = 1.0;
				PRODUCT_BUNDLE_IDENTIFIER = com.test.animation.testAnim1UITests;
				PRODUCT_NAME = "$(TARGET_NAME)";
				SWIFT_EMIT_LOC_STRINGS = NO;
				SWIFT_VERSION = 5.0;
				TARGETED_DEVICE_FAMILY = "1,2";
				TEST_TARGET_NAME = testAnim1;
			};
			name = Debug;
		};
		770B117629A86DAB00BA171D /* Release */ = {
			isa = XCBuildConfiguration;
			buildSettings = {
				ALWAYS_EMBED_SWIFT_STANDARD_LIBRARIES = YES;
				CODE_SIGN_STYLE = Automatic;
				CURRENT_PROJECT_VERSION = 1;
				GENERATE_INFOPLIST_FILE = YES;
				MARKETING_VERSION = 1.0;
				PRODUCT_BUNDLE_IDENTIFIER = com.test.animation.testAnim1UITests;
				PRODUCT_NAME = "$(TARGET_NAME)";
				SWIFT_EMIT_LOC_STRINGS = NO;
				SWIFT_VERSION = 5.0;
				TARGETED_DEVICE_FAMILY = "1,2";
				TEST_TARGET_NAME = testAnim1;
			};
			name = Release;
		};
/* End XCBuildConfiguration section */

/* Begin XCConfigurationList section */
		770B113F29A86DAA00BA171D /* Build configuration list for PBXProject "testAnim1" */ = {
			isa = XCConfigurationList;
			buildConfigurations = (
				770B116C29A86DAB00BA171D /* Debug */,
				770B116D29A86DAB00BA171D /* Release */,
			);
			defaultConfigurationIsVisible = 0;
			defaultConfigurationName = Release;
		};
		770B116E29A86DAB00BA171D /* Build configuration list for PBXNativeTarget "testAnim1" */ = {
			isa = XCConfigurationList;
			buildConfigurations = (
				770B116F29A86DAB00BA171D /* Debug */,
				770B117029A86DAB00BA171D /* Release */,
			);
			defaultConfigurationIsVisible = 0;
			defaultConfigurationName = Release;
		};
		770B117129A86DAB00BA171D /* Build configuration list for PBXNativeTarget "testAnim1Tests" */ = {
			isa = XCConfigurationList;
			buildConfigurations = (
				770B117229A86DAB00BA171D /* Debug */,
				770B117329A86DAB00BA171D /* Release */,
			);
			defaultConfigurationIsVisible = 0;
			defaultConfigurationName = Release;
		};
		770B117429A86DAB00BA171D /* Build configuration list for PBXNativeTarget "testAnim1UITests" */ = {
			isa = XCConfigurationList;
			buildConfigurations = (
				770B117529A86DAB00BA171D /* Debug */,
				770B117629A86DAB00BA171D /* Release */,
			);
			defaultConfigurationIsVisible = 0;
			defaultConfigurationName = Release;
		};
/* End XCConfigurationList section */
	};
	rootObject = 770B113C29A86DAA00BA171D /* Project object */;
}
